
Microsoft Visual Studio Solution File, Format Version 12.00
# Visual Studio Version 17
VisualStudioVersion = 17.4.33205.214
MinimumVisualStudioVersion = 10.0.40219.1
Project("{FAE04EC0-301F-11D3-BF4B-00C04F79EFBC}") = "DB_Shvets", "DB_Shvets.csproj", "{5EA2E2AF-F6E3-449D-BCEF-4051C7F707C0}"
EndProject
Global
	GlobalSection(SolutionConfigurationPlatforms) = preSolution
		Debug|Any CPU = Debug|Any CPU
		Release|Any CPU = Release|Any CPU
	EndGlobalSection
	GlobalSection(ProjectConfigurationPlatforms) = postSolution
		{5EA2E2AF-F6E3-449D-BCEF-4051C7F707C0}.Debug|Any CPU.ActiveCfg = Debug|Any CPU
		{5EA2E2AF-F6E3-449D-BCEF-4051C7F707C0}.Debug|Any CPU.Build.0 = Debug|Any CPU
		{5EA2E2AF-F6E3-449D-BCEF-4051C7F707C0}.Release|Any CPU.ActiveCfg = Release|Any CPU
		{5EA2E2AF-F6E3-449D-BCEF-4051C7F707C0}.Release|Any CPU.Build.0 = Release|Any CPU
	EndGlobalSection
	GlobalSection(SolutionProperties) = preSolution
		HideSolutionNode = FALSE
	EndGlobalSection
	GlobalSection(ExtensibilityGlobals) = postSolution
		SolutionGuid = {989A80C6-E17D-480A-9A1D-17B849999FC0}
	EndGlobalSection
EndGlobal
